
Microsoft Visual Studio Solution File, Format Version 12.00
# Visual Studio Version 16
VisualStudioVersion = 16.0.30907.101
MinimumVisualStudioVersion = 10.0.40219.1
Project("{FAE04EC0-301F-11D3-BF4B-00C04F79EFBC}") = "ReportGenerator", "ReportGenerator.csproj", "{CFA6F81D-116F-4F5E-9E4E-3E9C78DC5E54}"
EndProject
Global
	GlobalSection(SolutionConfigurationPlatforms) = preSolution
		Debug|Any CPU = Debug|Any CPU
		Release|Any CPU = Release|Any CPU
	EndGlobalSection
	GlobalSection(ProjectConfigurationPlatforms) = postSolution
		{CFA6F81D-116F-4F5E-9E4E-3E9C78DC5E54}.Debug|Any CPU.ActiveCfg = Debug|Any CPU
		{CFA6F81D-116F-4F5E-9E4E-3E9C78DC5E54}.Debug|Any CPU.Build.0 = Debug|Any CPU
		{CFA6F81D-116F-4F5E-9E4E-3E9C78DC5E54}.Release|Any CPU.ActiveCfg = Release|Any CPU
		{CFA6F81D-116F-4F5E-9E4E-3E9C78DC5E54}.Release|Any CPU.Build.0 = Release|Any CPU
	EndGlobalSection
	GlobalSection(SolutionProperties) = preSolution
		HideSolutionNode = FALSE
	EndGlobalSection
	GlobalSection(ExtensibilityGlobals) = postSolution
		SolutionGuid = {610B0973-DF1D-4B71-B505-693C5E8530BF}
	EndGlobalSection
EndGlobal
